
Microsoft Visual Studio Solution File, Format Version 12.00
# Visual Studio Version 17
VisualStudioVersion = 17.5.002.0
MinimumVisualStudioVersion = 10.0.40219.1
Project("{9A19103F-16F7-4668-BE54-9A1E7A4F7556}") = "sistema3", "sistema3.csproj", "{6F9CB82D-D028-42D1-9DC5-FC721F407305}"
EndProject
Global
	GlobalSection(SolutionConfigurationPlatforms) = preSolution
		Debug|Any CPU = Debug|Any CPU
		Release|Any CPU = Release|Any CPU
	EndGlobalSection
	GlobalSection(ProjectConfigurationPlatforms) = postSolution
		{6F9CB82D-D028-42D1-9DC5-FC721F407305}.Debug|Any CPU.ActiveCfg = Debug|Any CPU
		{6F9CB82D-D028-42D1-9DC5-FC721F407305}.Debug|Any CPU.Build.0 = Debug|Any CPU
		{6F9CB82D-D028-42D1-9DC5-FC721F407305}.Release|Any CPU.ActiveCfg = Release|Any CPU
		{6F9CB82D-D028-42D1-9DC5-FC721F407305}.Release|Any CPU.Build.0 = Release|Any CPU
	EndGlobalSection
	GlobalSection(SolutionProperties) = preSolution
		HideSolutionNode = FALSE
	EndGlobalSection
	GlobalSection(ExtensibilityGlobals) = postSolution
		SolutionGuid = {2E1434AF-FED9-4008-A2E7-3D9B37D77CCE}
	EndGlobalSection
EndGlobal
